
Microsoft Visual Studio Solution File, Format Version 12.00
# Visual Studio Version 16
VisualStudioVersion = 25.0.1705.2
MinimumVisualStudioVersion = 10.0.40219.1
Project("{FAE04EC0-301F-11D3-BF4B-00C04F79EFBC}") = "Test", "Test\Test.csproj", "{441482DD-5A2B-40C3-A6D3-69CFAF4E408B}"
EndProject
Global
	GlobalSection(SolutionConfigurationPlatforms) = preSolution
		Debug|Any CPU = Debug|Any CPU
		Release|Any CPU = Release|Any CPU
	EndGlobalSection
	GlobalSection(ProjectConfigurationPlatforms) = postSolution
		{441482DD-5A2B-40C3-A6D3-69CFAF4E408B}.Debug|Any CPU.ActiveCfg = Debug|Any CPU
		{441482DD-5A2B-40C3-A6D3-69CFAF4E408B}.Debug|Any CPU.Build.0 = Debug|Any CPU
		{441482DD-5A2B-40C3-A6D3-69CFAF4E408B}.Release|Any CPU.ActiveCfg = Release|Any CPU
		{441482DD-5A2B-40C3-A6D3-69CFAF4E408B}.Release|Any CPU.Build.0 = Release|Any CPU
	EndGlobalSection
	GlobalSection(SolutionProperties) = preSolution
		HideSolutionNode = FALSE
	EndGlobalSection
	GlobalSection(ExtensibilityGlobals) = postSolution
		SolutionGuid = {FD758D53-4987-4EE3-8625-59F41D5BBFD4}
	EndGlobalSection
EndGlobal
